
Microsoft Visual Studio Solution File, Format Version 12.00
# Visual Studio Version 17
VisualStudioVersion = 17.13.35818.85 d17.13
MinimumVisualStudioVersion = 10.0.40219.1
Project("{FAE04EC0-301F-11D3-BF4B-00C04F79EFBC}") = "NavoiyTelefonBozorBot", "NavoiyTelefonBozorBot.csproj", "{771133AF-76CE-423E-BF9A-E5660D3C6C26}"
EndProject
Global
	GlobalSection(SolutionConfigurationPlatforms) = preSolution
		Debug|Any CPU = Debug|Any CPU
		Release|Any CPU = Release|Any CPU
	EndGlobalSection
	GlobalSection(ProjectConfigurationPlatforms) = postSolution
		{771133AF-76CE-423E-BF9A-E5660D3C6C26}.Debug|Any CPU.ActiveCfg = Debug|Any CPU
		{771133AF-76CE-423E-BF9A-E5660D3C6C26}.Debug|Any CPU.Build.0 = Debug|Any CPU
		{771133AF-76CE-423E-BF9A-E5660D3C6C26}.Release|Any CPU.ActiveCfg = Release|Any CPU
		{771133AF-76CE-423E-BF9A-E5660D3C6C26}.Release|Any CPU.Build.0 = Release|Any CPU
	EndGlobalSection
	GlobalSection(SolutionProperties) = preSolution
		HideSolutionNode = FALSE
	EndGlobalSection
	GlobalSection(ExtensibilityGlobals) = postSolution
		SolutionGuid = {C01BB32C-734E-45EA-8BF1-8CC4F7973A85}
	EndGlobalSection
EndGlobal
